// !$*UTF8*$!
{
	archiveVersion = 1;
	classes = {
	};
	objectVersion = 46;
	objects = {

/* Begin PBXBuildFile section */
		2519EEDF1CF0132500C8F5AA /* AppDelegate.swift in Sources */ = {isa = PBXBuildFile; fileRef = 2519EEDE1CF0132500C8F5AA /* AppDelegate.swift */; };
		2519EEE11CF0132500C8F5AA /* ViewController.swift in Sources */ = {isa = PBXBuildFile; fileRef = 2519EEE01CF0132500C8F5AA /* ViewController.swift */; };
		2519EEE41CF0132500C8F5AA /* Main.storyboard in Resources */ = {isa = PBXBuildFile; fileRef = 2519EEE21CF0132500C8F5AA /* Main.storyboard */; };
		2519EEE71CF0132500C8F5AA /* Sposure.xcdatamodeld in Sources */ = {isa = PBXBuildFile; fileRef = 2519EEE51CF0132500C8F5AA /* Sposure.xcdatamodeld */; };
		2519EEE91CF0132500C8F5AA /* Assets.xcassets in Resources */ = {isa = PBXBuildFile; fileRef = 2519EEE81CF0132500C8F5AA /* Assets.xcassets */; };
		2519EEEC1CF0132500C8F5AA /* LaunchScreen.storyboard in Resources */ = {isa = PBXBuildFile; fileRef = 2519EEEA1CF0132500C8F5AA /* LaunchScreen.storyboard */; };
		2519EEF71CF0132500C8F5AA /* SposureTests.swift in Sources */ = {isa = PBXBuildFile; fileRef = 2519EEF61CF0132500C8F5AA /* SposureTests.swift */; };
		2519EF021CF0132500C8F5AA /* SposureUITests.swift in Sources */ = {isa = PBXBuildFile; fileRef = 2519EF011CF0132500C8F5AA /* SposureUITests.swift */; };
		2519EF121CF016B000C8F5AA /* demo.gif in Resources */ = {isa = PBXBuildFile; fileRef = 2519EF111CF016B000C8F5AA /* demo.gif */; };
		2519EF151CF0190F00C8F5AA /* jeremy.gif in Resources */ = {isa = PBXBuildFile; fileRef = 2519EF141CF0190F00C8F5AA /* jeremy.gif */; };
		2519EF1E1CF0C22D00C8F5AA /* Gif.swift in Sources */ = {isa = PBXBuildFile; fileRef = 2519EF1D1CF0C22D00C8F5AA /* Gif.swift */; };
		2519EF201CF0C5A700C8F5AA /* SearchResponse.swift in Sources */ = {isa = PBXBuildFile; fileRef = 2519EF1F1CF0C5A700C8F5AA /* SearchResponse.swift */; };
		2519EF221CF0C5FF00C8F5AA /* Meta.swift in Sources */ = {isa = PBXBuildFile; fileRef = 2519EF211CF0C5FF00C8F5AA /* Meta.swift */; };
		2519EF241CF0C67500C8F5AA /* Pagination.swift in Sources */ = {isa = PBXBuildFile; fileRef = 2519EF231CF0C67500C8F5AA /* Pagination.swift */; };
		25B3B9631CF66AFE00012C67 /* QueueTest.swift in Sources */ = {isa = PBXBuildFile; fileRef = 25B3B9621CF66AFE00012C67 /* QueueTest.swift */; };
		25E406641CFAA00300FB4CF1 /* GifBufferTest.swift in Sources */ = {isa = PBXBuildFile; fileRef = 25E406631CFAA00300FB4CF1 /* GifBufferTest.swift */; };
		25E406661CFB4CAC00FB4CF1 /* ObjectTests.swift in Sources */ = {isa = PBXBuildFile; fileRef = 25E406651CFB4CAC00FB4CF1 /* ObjectTests.swift */; };
		25E4066A1CFB5F8B00FB4CF1 /* NetworkUtility.swift in Sources */ = {isa = PBXBuildFile; fileRef = 25E406691CFB5F8B00FB4CF1 /* NetworkUtility.swift */; };
		25E4066C1CFB6B1200FB4CF1 /* GiphyRequest.swift in Sources */ = {isa = PBXBuildFile; fileRef = 25E4066B1CFB6B1200FB4CF1 /* GiphyRequest.swift */; };
		25E406721CFB807B00FB4CF1 /* GiphyManager.swift in Sources */ = {isa = PBXBuildFile; fileRef = 25E406711CFB807B00FB4CF1 /* GiphyManager.swift */; };
		25E406741CFD012200FB4CF1 /* ImageManager.swift in Sources */ = {isa = PBXBuildFile; fileRef = 25E406731CFD012200FB4CF1 /* ImageManager.swift */; };
		25F4EFD21CF0F12D004637A2 /* Image.swift in Sources */ = {isa = PBXBuildFile; fileRef = 25F4EFD11CF0F12D004637A2 /* Image.swift */; };
		25F4EFD41CF0F23B004637A2 /* Images.swift in Sources */ = {isa = PBXBuildFile; fileRef = 25F4EFD31CF0F23B004637A2 /* Images.swift */; };
		25F4EFD61CF0F55D004637A2 /* GifImage.swift in Sources */ = {isa = PBXBuildFile; fileRef = 25F4EFD51CF0F55D004637A2 /* GifImage.swift */; };
		25F4EFDC1CF2195C004637A2 /* SwiftyGifManager.swift in Sources */ = {isa = PBXBuildFile; fileRef = 25F4EFD91CF2195C004637A2 /* SwiftyGifManager.swift */; };
		25F4EFDD1CF2195C004637A2 /* UIImage+SwiftyGif.swift in Sources */ = {isa = PBXBuildFile; fileRef = 25F4EFDA1CF2195C004637A2 /* UIImage+SwiftyGif.swift */; };
		25F4EFDE1CF2195C004637A2 /* UIImageView+SwiftyGif.swift in Sources */ = {isa = PBXBuildFile; fileRef = 25F4EFDB1CF2195C004637A2 /* UIImageView+SwiftyGif.swift */; };
		25F4EFE21CF239EB004637A2 /* GifBuffer.swift in Sources */ = {isa = PBXBuildFile; fileRef = 25F4EFE11CF239EB004637A2 /* GifBuffer.swift */; };
		25F4EFE51CF23C17004637A2 /* Queue.swift in Sources */ = {isa = PBXBuildFile; fileRef = 25F4EFE41CF23C17004637A2 /* Queue.swift */; };
		25F4EFE71CF24193004637A2 /* Searcher.swift in Sources */ = {isa = PBXBuildFile; fileRef = 25F4EFE61CF24193004637A2 /* Searcher.swift */; };
		25F4EFE91CF24417004637A2 /* Imager.swift in Sources */ = {isa = PBXBuildFile; fileRef = 25F4EFE81CF24417004637A2 /* Imager.swift */; };
		25F4EFED1CF27698004637A2 /* GiphyManagerTest.swift in Sources */ = {isa = PBXBuildFile; fileRef = 25F4EFEC1CF27698004637A2 /* GiphyManagerTest.swift */; };
		25F4EFEF1CF27FB4004637A2 /* GifImageCreatorTest.swift in Sources */ = {isa = PBXBuildFile; fileRef = 25F4EFEE1CF27FB4004637A2 /* GifImageCreatorTest.swift */; };
		AF064DDA6BF04D04C6F2BD01 /* Pods_Sposure.framework in Frameworks */ = {isa = PBXBuildFile; fileRef = CF03D455EE9A939BE6D85B7D /* Pods_Sposure.framework */; };
		AFADDE08E5E2FB530966347C /* Pods_SposureUITests.framework in Frameworks */ = {isa = PBXBuildFile; fileRef = C05056757FC850A463B6982E /* Pods_SposureUITests.framework */; };
		C40EFDBE054D9819A28618AE /* Pods_SposureTests.framework in Frameworks */ = {isa = PBXBuildFile; fileRef = E7A8D7579D68E2278CF120BE /* Pods_SposureTests.framework */; };
/* End PBXBuildFile section */

/* Begin PBXContainerItemProxy section */
		2519EEF31CF0132500C8F5AA /* PBXContainerItemProxy */ = {
			isa = PBXContainerItemProxy;
			containerPortal = 2519EED31CF0132500C8F5AA /* Project object */;
			proxyType = 1;
			remoteGlobalIDString = 2519EEDA1CF0132500C8F5AA;
			remoteInfo = Sposure;
		};
		2519EEFE1CF0132500C8F5AA /* PBXContainerItemProxy */ = {
			isa = PBXContainerItemProxy;
			containerPortal = 2519EED31CF0132500C8F5AA /* Project object */;
			proxyType = 1;
			remoteGlobalIDString = 2519EEDA1CF0132500C8F5AA;
			remoteInfo = Sposure;
		};
/* End PBXContainerItemProxy section */

/* Begin PBXFileReference section */
		01E73A22587D71B1DFF8F0EA /* Pods-Sposure.release.xcconfig */ = {isa = PBXFileReference; includeInIndex = 1; lastKnownFileType = text.xcconfig; name = "Pods-Sposure.release.xcconfig"; path = "Pods/Target Support Files/Pods-Sposure/Pods-Sposure.release.xcconfig"; sourceTree = "<group>"; };
		2519EEDB1CF0132500C8F5AA /* Sposure.app */ = {isa = PBXFileReference; explicitFileType = wrapper.application; includeInIndex = 0; path = Sposure.app; sourceTree = BUILT_PRODUCTS_DIR; };
		2519EEDE1CF0132500C8F5AA /* AppDelegate.swift */ = {isa = PBXFileReference; lastKnownFileType = sourcecode.swift; path = AppDelegate.swift; sourceTree = "<group>"; };
		2519EEE01CF0132500C8F5AA /* ViewController.swift */ = {isa = PBXFileReference; lastKnownFileType = sourcecode.swift; path = ViewController.swift; sourceTree = "<group>"; };
		2519EEE31CF0132500C8F5AA /* Base */ = {isa = PBXFileReference; lastKnownFileType = file.storyboard; name = Base; path = Base.lproj/Main.storyboard; sourceTree = "<group>"; };
		2519EEE61CF0132500C8F5AA /* Sposure.xcdatamodel */ = {isa = PBXFileReference; lastKnownFileType = wrapper.xcdatamodel; path = Sposure.xcdatamodel; sourceTree = "<group>"; };
		2519EEE81CF0132500C8F5AA /* Assets.xcassets */ = {isa = PBXFileReference; lastKnownFileType = folder.assetcatalog; path = Assets.xcassets; sourceTree = "<group>"; };
		2519EEEB1CF0132500C8F5AA /* Base */ = {isa = PBXFileReference; lastKnownFileType = file.storyboard; name = Base; path = Base.lproj/LaunchScreen.storyboard; sourceTree = "<group>"; };
		2519EEED1CF0132500C8F5AA /* Info.plist */ = {isa = PBXFileReference; lastKnownFileType = text.plist.xml; path = Info.plist; sourceTree = "<group>"; };
		2519EEF21CF0132500C8F5AA /* SposureTests.xctest */ = {isa = PBXFileReference; explicitFileType = wrapper.cfbundle; includeInIndex = 0; path = SposureTests.xctest; sourceTree = BUILT_PRODUCTS_DIR; };
		2519EEF61CF0132500C8F5AA /* SposureTests.swift */ = {isa = PBXFileReference; lastKnownFileType = sourcecode.swift; path = SposureTests.swift; sourceTree = "<group>"; };
		2519EEF81CF0132500C8F5AA /* Info.plist */ = {isa = PBXFileReference; lastKnownFileType = text.plist.xml; path = Info.plist; sourceTree = "<group>"; };
		2519EEFD1CF0132500C8F5AA /* SposureUITests.xctest */ = {isa = PBXFileReference; explicitFileType = wrapper.cfbundle; includeInIndex = 0; path = SposureUITests.xctest; sourceTree = BUILT_PRODUCTS_DIR; };
		2519EF011CF0132500C8F5AA /* SposureUITests.swift */ = {isa = PBXFileReference; lastKnownFileType = sourcecode.swift; path = SposureUITests.swift; sourceTree = "<group>"; };
		2519EF031CF0132500C8F5AA /* Info.plist */ = {isa = PBXFileReference; lastKnownFileType = text.plist.xml; path = Info.plist; sourceTree = "<group>"; };
		2519EF111CF016B000C8F5AA /* demo.gif */ = {isa = PBXFileReference; lastKnownFileType = image.gif; path = demo.gif; sourceTree = "<group>"; };
		2519EF141CF0190F00C8F5AA /* jeremy.gif */ = {isa = PBXFileReference; lastKnownFileType = image.gif; path = jeremy.gif; sourceTree = "<group>"; };
		2519EF1D1CF0C22D00C8F5AA /* Gif.swift */ = {isa = PBXFileReference; fileEncoding = 4; lastKnownFileType = sourcecode.swift; path = Gif.swift; sourceTree = "<group>"; };
		2519EF1F1CF0C5A700C8F5AA /* SearchResponse.swift */ = {isa = PBXFileReference; fileEncoding = 4; lastKnownFileType = sourcecode.swift; path = SearchResponse.swift; sourceTree = "<group>"; };
		2519EF211CF0C5FF00C8F5AA /* Meta.swift */ = {isa = PBXFileReference; fileEncoding = 4; lastKnownFileType = sourcecode.swift; path = Meta.swift; sourceTree = "<group>"; };
		2519EF231CF0C67500C8F5AA /* Pagination.swift */ = {isa = PBXFileReference; fileEncoding = 4; lastKnownFileType = sourcecode.swift; path = Pagination.swift; sourceTree = "<group>"; };
		25B3B9621CF66AFE00012C67 /* QueueTest.swift */ = {isa = PBXFileReference; fileEncoding = 4; lastKnownFileType = sourcecode.swift; path = QueueTest.swift; sourceTree = "<group>"; };
		25E406631CFAA00300FB4CF1 /* GifBufferTest.swift */ = {isa = PBXFileReference; fileEncoding = 4; lastKnownFileType = sourcecode.swift; path = GifBufferTest.swift; sourceTree = "<group>"; };
		25E406651CFB4CAC00FB4CF1 /* ObjectTests.swift */ = {isa = PBXFileReference; fileEncoding = 4; lastKnownFileType = sourcecode.swift; path = ObjectTests.swift; sourceTree = "<group>"; };
		25E406691CFB5F8B00FB4CF1 /* NetworkUtility.swift */ = {isa = PBXFileReference; fileEncoding = 4; lastKnownFileType = sourcecode.swift; path = NetworkUtility.swift; sourceTree = "<group>"; };
		25E4066B1CFB6B1200FB4CF1 /* GiphyRequest.swift */ = {isa = PBXFileReference; fileEncoding = 4; lastKnownFileType = sourcecode.swift; path = GiphyRequest.swift; sourceTree = "<group>"; };
		25E406711CFB807B00FB4CF1 /* GiphyManager.swift */ = {isa = PBXFileReference; fileEncoding = 4; lastKnownFileType = sourcecode.swift; path = GiphyManager.swift; sourceTree = "<group>"; };
		25E406731CFD012200FB4CF1 /* ImageManager.swift */ = {isa = PBXFileReference; fileEncoding = 4; lastKnownFileType = sourcecode.swift; path = ImageManager.swift; sourceTree = "<group>"; };
		25F4EFD11CF0F12D004637A2 /* Image.swift */ = {isa = PBXFileReference; fileEncoding = 4; lastKnownFileType = sourcecode.swift; path = Image.swift; sourceTree = "<group>"; };
		25F4EFD31CF0F23B004637A2 /* Images.swift */ = {isa = PBXFileReference; fileEncoding = 4; lastKnownFileType = sourcecode.swift; path = Images.swift; sourceTree = "<group>"; };
		25F4EFD51CF0F55D004637A2 /* GifImage.swift */ = {isa = PBXFileReference; fileEncoding = 4; lastKnownFileType = sourcecode.swift; path = GifImage.swift; sourceTree = "<group>"; };
		25F4EFD91CF2195C004637A2 /* SwiftyGifManager.swift */ = {isa = PBXFileReference; fileEncoding = 4; lastKnownFileType = sourcecode.swift; path = SwiftyGifManager.swift; sourceTree = "<group>"; };
		25F4EFDA1CF2195C004637A2 /* UIImage+SwiftyGif.swift */ = {isa = PBXFileReference; fileEncoding = 4; lastKnownFileType = sourcecode.swift; path = "UIImage+SwiftyGif.swift"; sourceTree = "<group>"; };
		25F4EFDB1CF2195C004637A2 /* UIImageView+SwiftyGif.swift */ = {isa = PBXFileReference; fileEncoding = 4; lastKnownFileType = sourcecode.swift; path = "UIImageView+SwiftyGif.swift"; sourceTree = "<group>"; };
		25F4EFE11CF239EB004637A2 /* GifBuffer.swift */ = {isa = PBXFileReference; fileEncoding = 4; lastKnownFileType = sourcecode.swift; path = GifBuffer.swift; sourceTree = "<group>"; };
		25F4EFE41CF23C17004637A2 /* Queue.swift */ = {isa = PBXFileReference; fileEncoding = 4; lastKnownFileType = sourcecode.swift; path = Queue.swift; sourceTree = "<group>"; };
		25F4EFE61CF24193004637A2 /* Searcher.swift */ = {isa = PBXFileReference; fileEncoding = 4; lastKnownFileType = sourcecode.swift; path = Searcher.swift; sourceTree = "<group>"; };
		25F4EFE81CF24417004637A2 /* Imager.swift */ = {isa = PBXFileReference; fileEncoding = 4; lastKnownFileType = sourcecode.swift; path = Imager.swift; sourceTree = "<group>"; };
		25F4EFEC1CF27698004637A2 /* GiphyManagerTest.swift */ = {isa = PBXFileReference; fileEncoding = 4; lastKnownFileType = sourcecode.swift; path = GiphyManagerTest.swift; sourceTree = "<group>"; };
		25F4EFEE1CF27FB4004637A2 /* GifImageCreatorTest.swift */ = {isa = PBXFileReference; fileEncoding = 4; lastKnownFileType = sourcecode.swift; path = GifImageCreatorTest.swift; sourceTree = "<group>"; };
		2FFE2CD044F7C4BFED9FB5A5 /* Pods-SposureTests.debug.xcconfig */ = {isa = PBXFileReference; includeInIndex = 1; lastKnownFileType = text.xcconfig; name = "Pods-SposureTests.debug.xcconfig"; path = "Pods/Target Support Files/Pods-SposureTests/Pods-SposureTests.debug.xcconfig"; sourceTree = "<group>"; };
		314E32499DE8D6B3E45D74C3 /* Pods-Sposure.debug.xcconfig */ = {isa = PBXFileReference; includeInIndex = 1; lastKnownFileType = text.xcconfig; name = "Pods-Sposure.debug.xcconfig"; path = "Pods/Target Support Files/Pods-Sposure/Pods-Sposure.debug.xcconfig"; sourceTree = "<group>"; };
		521C7FF1DF4E82DE9F1E409F /* Pods-SposureTests.release.xcconfig */ = {isa = PBXFileReference; includeInIndex = 1; lastKnownFileType = text.xcconfig; name = "Pods-SposureTests.release.xcconfig"; path = "Pods/Target Support Files/Pods-SposureTests/Pods-SposureTests.release.xcconfig"; sourceTree = "<group>"; };
		7B56497372B73F4839780E5D /* Pods-SposureUITests.debug.xcconfig */ = {isa = PBXFileReference; includeInIndex = 1; lastKnownFileType = text.xcconfig; name = "Pods-SposureUITests.debug.xcconfig"; path = "Pods/Target Support Files/Pods-SposureUITests/Pods-SposureUITests.debug.xcconfig"; sourceTree = "<group>"; };
		85088F518804011ECB75409F /* Pods-SposureUITests.release.xcconfig */ = {isa = PBXFileReference; includeInIndex = 1; lastKnownFileType = text.xcconfig; name = "Pods-SposureUITests.release.xcconfig"; path = "Pods/Target Support Files/Pods-SposureUITests/Pods-SposureUITests.release.xcconfig"; sourceTree = "<group>"; };
		C05056757FC850A463B6982E /* Pods_SposureUITests.framework */ = {isa = PBXFileReference; explicitFileType = wrapper.framework; includeInIndex = 0; path = Pods_SposureUITests.framework; sourceTree = BUILT_PRODUCTS_DIR; };
		CF03D455EE9A939BE6D85B7D /* Pods_Sposure.framework */ = {isa = PBXFileReference; explicitFileType = wrapper.framework; includeInIndex = 0; path = Pods_Sposure.framework; sourceTree = BUILT_PRODUCTS_DIR; };
		E7A8D7579D68E2278CF120BE /* Pods_SposureTests.framework */ = {isa = PBXFileReference; explicitFileType = wrapper.framework; includeInIndex = 0; path = Pods_SposureTests.framework; sourceTree = BUILT_PRODUCTS_DIR; };
/* End PBXFileReference section */

/* Begin PBXFrameworksBuildPhase section */
		2519EED81CF0132500C8F5AA /* Frameworks */ = {
			isa = PBXFrameworksBuildPhase;
			buildActionMask = 2147483647;
			files = (
				AF064DDA6BF04D04C6F2BD01 /* Pods_Sposure.framework in Frameworks */,
			);
			runOnlyForDeploymentPostprocessing = 0;
		};
		2519EEEF1CF0132500C8F5AA /* Frameworks */ = {
			isa = PBXFrameworksBuildPhase;
			buildActionMask = 2147483647;
			files = (
				C40EFDBE054D9819A28618AE /* Pods_SposureTests.framework in Frameworks */,
			);
			runOnlyForDeploymentPostprocessing = 0;
		};
		2519EEFA1CF0132500C8F5AA /* Frameworks */ = {
			isa = PBXFrameworksBuildPhase;
			buildActionMask = 2147483647;
			files = (
				AFADDE08E5E2FB530966347C /* Pods_SposureUITests.framework in Frameworks */,
			);
			runOnlyForDeploymentPostprocessing = 0;
		};
/* End PBXFrameworksBuildPhase section */

/* Begin PBXGroup section */
		1DA9ABC7254B3006C3E2FEC6 /* Pods */ = {
			isa = PBXGroup;
			children = (
				314E32499DE8D6B3E45D74C3 /* Pods-Sposure.debug.xcconfig */,
				01E73A22587D71B1DFF8F0EA /* Pods-Sposure.release.xcconfig */,
				2FFE2CD044F7C4BFED9FB5A5 /* Pods-SposureTests.debug.xcconfig */,
				521C7FF1DF4E82DE9F1E409F /* Pods-SposureTests.release.xcconfig */,
				7B56497372B73F4839780E5D /* Pods-SposureUITests.debug.xcconfig */,
				85088F518804011ECB75409F /* Pods-SposureUITests.release.xcconfig */,
			);
			name = Pods;
			sourceTree = "<group>";
		};
		2519EED21CF0132500C8F5AA = {
			isa = PBXGroup;
			children = (
				2519EEDD1CF0132500C8F5AA /* Sposure */,
				2519EEF51CF0132500C8F5AA /* SposureTests */,
				2519EF001CF0132500C8F5AA /* SposureUITests */,
				2519EEDC1CF0132500C8F5AA /* Products */,
				1DA9ABC7254B3006C3E2FEC6 /* Pods */,
				502F511341C09C586579BC5F /* Frameworks */,
			);
			sourceTree = "<group>";
		};
		2519EEDC1CF0132500C8F5AA /* Products */ = {
			isa = PBXGroup;
			children = (
				2519EEDB1CF0132500C8F5AA /* Sposure.app */,
				2519EEF21CF0132500C8F5AA /* SposureTests.xctest */,
				2519EEFD1CF0132500C8F5AA /* SposureUITests.xctest */,
			);
			name = Products;
			sourceTree = "<group>";
		};
		2519EEDD1CF0132500C8F5AA /* Sposure */ = {
			isa = PBXGroup;
			children = (
				25F4EFD71CF21945004637A2 /* lib */,
				2519EF161CF01DE300C8F5AA /* networking */,
				2519EF131CF0184200C8F5AA /* gif */,
				2519EEDE1CF0132500C8F5AA /* AppDelegate.swift */,
				2519EEE01CF0132500C8F5AA /* ViewController.swift */,
				2519EEE21CF0132500C8F5AA /* Main.storyboard */,
				2519EEE81CF0132500C8F5AA /* Assets.xcassets */,
				2519EEEA1CF0132500C8F5AA /* LaunchScreen.storyboard */,
				2519EEED1CF0132500C8F5AA /* Info.plist */,
				2519EEE51CF0132500C8F5AA /* Sposure.xcdatamodeld */,
			);
			path = Sposure;
			sourceTree = "<group>";
		};
		2519EEF51CF0132500C8F5AA /* SposureTests */ = {
			isa = PBXGroup;
			children = (
				2519EEF61CF0132500C8F5AA /* SposureTests.swift */,
				25F4EFEC1CF27698004637A2 /* GiphyManagerTest.swift */,
				25F4EFEE1CF27FB4004637A2 /* GifImageCreatorTest.swift */,
				25B3B9621CF66AFE00012C67 /* QueueTest.swift */,
				25E406631CFAA00300FB4CF1 /* GifBufferTest.swift */,
				25E406651CFB4CAC00FB4CF1 /* ObjectTests.swift */,
				2519EEF81CF0132500C8F5AA /* Info.plist */,
			);
			path = SposureTests;
			sourceTree = "<group>";
		};
		2519EF001CF0132500C8F5AA /* SposureUITests */ = {
			isa = PBXGroup;
			children = (
				2519EF011CF0132500C8F5AA /* SposureUITests.swift */,
				2519EF031CF0132500C8F5AA /* Info.plist */,
			);
			path = SposureUITests;
			sourceTree = "<group>";
		};
		2519EF131CF0184200C8F5AA /* gif */ = {
			isa = PBXGroup;
			children = (
				2519EF141CF0190F00C8F5AA /* jeremy.gif */,
				2519EF111CF016B000C8F5AA /* demo.gif */,
			);
			name = gif;
			sourceTree = "<group>";
		};
		2519EF161CF01DE300C8F5AA /* networking */ = {
			isa = PBXGroup;
			children = (
				25F4EFE01CF2391A004637A2 /* GifBuffer */,
				25F4EFD51CF0F55D004637A2 /* GifImage.swift */,
				2519EF191CF025EA00C8F5AA /* ResponseObjects */,
				25E406691CFB5F8B00FB4CF1 /* NetworkUtility.swift */,
			);
			name = networking;
			sourceTree = "<group>";
		};
		2519EF191CF025EA00C8F5AA /* ResponseObjects */ = {
			isa = PBXGroup;
			children = (
				2519EF1D1CF0C22D00C8F5AA /* Gif.swift */,
				2519EF1F1CF0C5A700C8F5AA /* SearchResponse.swift */,
				2519EF211CF0C5FF00C8F5AA /* Meta.swift */,
				2519EF231CF0C67500C8F5AA /* Pagination.swift */,
				25F4EFD11CF0F12D004637A2 /* Image.swift */,
				25F4EFD31CF0F23B004637A2 /* Images.swift */,
			);
			name = ResponseObjects;
			sourceTree = "<group>";
		};
		25F4EFD71CF21945004637A2 /* lib */ = {
			isa = PBXGroup;
			children = (
				25F4EFE31CF23C0D004637A2 /* Queue */,
				25F4EFD81CF2194A004637A2 /* SwiftyGif */,
			);
			name = lib;
			sourceTree = "<group>";
		};
		25F4EFD81CF2194A004637A2 /* SwiftyGif */ = {
			isa = PBXGroup;
			children = (
				25F4EFD91CF2195C004637A2 /* SwiftyGifManager.swift */,
				25F4EFDA1CF2195C004637A2 /* UIImage+SwiftyGif.swift */,
				25F4EFDB1CF2195C004637A2 /* UIImageView+SwiftyGif.swift */,
			);
			name = SwiftyGif;
			sourceTree = "<group>";
		};
		25F4EFE01CF2391A004637A2 /* GifBuffer */ = {
			isa = PBXGroup;
			children = (
				25F4EFE11CF239EB004637A2 /* GifBuffer.swift */,
				25F4EFE61CF24193004637A2 /* Searcher.swift */,
				25F4EFE81CF24417004637A2 /* Imager.swift */,
				25E4066B1CFB6B1200FB4CF1 /* GiphyRequest.swift */,
				25E406711CFB807B00FB4CF1 /* GiphyManager.swift */,
				25E406731CFD012200FB4CF1 /* ImageManager.swift */,
			);
			name = GifBuffer;
			sourceTree = "<group>";
		};
		25F4EFE31CF23C0D004637A2 /* Queue */ = {
			isa = PBXGroup;
			children = (
				25F4EFE41CF23C17004637A2 /* Queue.swift */,
			);
			name = Queue;
			sourceTree = "<group>";
		};
		502F511341C09C586579BC5F /* Frameworks */ = {
			isa = PBXGroup;
			children = (
				CF03D455EE9A939BE6D85B7D /* Pods_Sposure.framework */,
				E7A8D7579D68E2278CF120BE /* Pods_SposureTests.framework */,
				C05056757FC850A463B6982E /* Pods_SposureUITests.framework */,
			);
			name = Frameworks;
			sourceTree = "<group>";
		};
/* End PBXGroup section */

/* Begin PBXNativeTarget section */
		2519EEDA1CF0132500C8F5AA /* Sposure */ = {
			isa = PBXNativeTarget;
			buildConfigurationList = 2519EF061CF0132500C8F5AA /* Build configuration list for PBXNativeTarget "Sposure" */;
			buildPhases = (
				B450B2582350B81ABA3749E5 /* 📦 Check Pods Manifest.lock */,
				2519EED71CF0132500C8F5AA /* Sources */,
				2519EED81CF0132500C8F5AA /* Frameworks */,
				2519EED91CF0132500C8F5AA /* Resources */,
				421AEDDD0EA90FF9284EC5FA /* 📦 Embed Pods Frameworks */,
				21741D013531DB185810ECB8 /* 📦 Copy Pods Resources */,
			);
			buildRules = (
			);
			dependencies = (
			);
			name = Sposure;
			productName = Sposure;
			productReference = 2519EEDB1CF0132500C8F5AA /* Sposure.app */;
			productType = "com.apple.product-type.application";
		};
		2519EEF11CF0132500C8F5AA /* SposureTests */ = {
			isa = PBXNativeTarget;
			buildConfigurationList = 2519EF091CF0132500C8F5AA /* Build configuration list for PBXNativeTarget "SposureTests" */;
			buildPhases = (
				6B9BC29BD0F2B132F636C862 /* 📦 Check Pods Manifest.lock */,
				2519EEEE1CF0132500C8F5AA /* Sources */,
				2519EEEF1CF0132500C8F5AA /* Frameworks */,
				2519EEF01CF0132500C8F5AA /* Resources */,
				2DAE313FCB573CD4F7B0F8C0 /* 📦 Embed Pods Frameworks */,
				EC7B754AA5801A1146064A3C /* 📦 Copy Pods Resources */,
			);
			buildRules = (
			);
			dependencies = (
				2519EEF41CF0132500C8F5AA /* PBXTargetDependency */,
			);
			name = SposureTests;
			productName = SposureTests;
			productReference = 2519EEF21CF0132500C8F5AA /* SposureTests.xctest */;
			productType = "com.apple.product-type.bundle.unit-test";
		};
		2519EEFC1CF0132500C8F5AA /* SposureUITests */ = {
			isa = PBXNativeTarget;
			buildConfigurationList = 2519EF0C1CF0132500C8F5AA /* Build configuration list for PBXNativeTarget "SposureUITests" */;
			buildPhases = (
				66F718A7121FEFE848E54278 /* 📦 Check Pods Manifest.lock */,
				2519EEF91CF0132500C8F5AA /* Sources */,
				2519EEFA1CF0132500C8F5AA /* Frameworks */,
				2519EEFB1CF0132500C8F5AA /* Resources */,
				4EEBB755139C677D77B8CA99 /* 📦 Copy Pods Resources */,
			);
			buildRules = (
			);
			dependencies = (
				2519EEFF1CF0132500C8F5AA /* PBXTargetDependency */,
			);
			name = SposureUITests;
			productName = SposureUITests;
			productReference = 2519EEFD1CF0132500C8F5AA /* SposureUITests.xctest */;
			productType = "com.apple.product-type.bundle.ui-testing";
		};
/* End PBXNativeTarget section */

/* Begin PBXProject section */
		2519EED31CF0132500C8F5AA /* Project object */ = {
			isa = PBXProject;
			attributes = {
				LastSwiftUpdateCheck = 0730;
				LastUpgradeCheck = 0730;
				ORGANIZATIONNAME = "Evan Conrad";
				TargetAttributes = {
					2519EEDA1CF0132500C8F5AA = {
						CreatedOnToolsVersion = 7.3.1;
					};
					2519EEF11CF0132500C8F5AA = {
						CreatedOnToolsVersion = 7.3.1;
						TestTargetID = 2519EEDA1CF0132500C8F5AA;
					};
					2519EEFC1CF0132500C8F5AA = {
						CreatedOnToolsVersion = 7.3.1;
						TestTargetID = 2519EEDA1CF0132500C8F5AA;
					};
				};
			};
			buildConfigurationList = 2519EED61CF0132500C8F5AA /* Build configuration list for PBXProject "Sposure" */;
			compatibilityVersion = "Xcode 3.2";
			developmentRegion = English;
			hasScannedForEncodings = 0;
			knownRegions = (
				en,
				Base,
			);
			mainGroup = 2519EED21CF0132500C8F5AA;
			productRefGroup = 2519EEDC1CF0132500C8F5AA /* Products */;
			projectDirPath = "";
			projectRoot = "";
			targets = (
				2519EEDA1CF0132500C8F5AA /* Sposure */,
				2519EEF11CF0132500C8F5AA /* SposureTests */,
				2519EEFC1CF0132500C8F5AA /* SposureUITests */,
			);
		};
/* End PBXProject section */

/* Begin PBXResourcesBuildPhase section */
		2519EED91CF0132500C8F5AA /* Resources */ = {
			isa = PBXResourcesBuildPhase;
			buildActionMask = 2147483647;
			files = (
				2519EEEC1CF0132500C8F5AA /* LaunchScreen.storyboard in Resources */,
				2519EF151CF0190F00C8F5AA /* jeremy.gif in Resources */,
				2519EF121CF016B000C8F5AA /* demo.gif in Resources */,
				2519EEE91CF0132500C8F5AA /* Assets.xcassets in Resources */,
				2519EEE41CF0132500C8F5AA /* Main.storyboard in Resources */,
			);
			runOnlyForDeploymentPostprocessing = 0;
		};
		2519EEF01CF0132500C8F5AA /* Resources */ = {
			isa = PBXResourcesBuildPhase;
			buildActionMask = 2147483647;
			files = (
			);
			runOnlyForDeploymentPostprocessing = 0;
		};
		2519EEFB1CF0132500C8F5AA /* Resources */ = {
			isa = PBXResourcesBuildPhase;
			buildActionMask = 2147483647;
			files = (
			);
			runOnlyForDeploymentPostprocessing = 0;
		};
/* End PBXResourcesBuildPhase section */

/* Begin PBXShellScriptBuildPhase section */
		21741D013531DB185810ECB8 /* 📦 Copy Pods Resources */ = {
			isa = PBXShellScriptBuildPhase;
			buildActionMask = 2147483647;
			files = (
			);
			inputPaths = (
			);
			name = "📦 Copy Pods Resources";
			outputPaths = (
			);
			runOnlyForDeploymentPostprocessing = 0;
			shellPath = /bin/sh;
			shellScript = "\"${SRCROOT}/Pods/Target Support Files/Pods-Sposure/Pods-Sposure-resources.sh\"\n";
			showEnvVarsInLog = 0;
		};
		2DAE313FCB573CD4F7B0F8C0 /* 📦 Embed Pods Frameworks */ = {
			isa = PBXShellScriptBuildPhase;
			buildActionMask = 2147483647;
			files = (
			);
			inputPaths = (
			);
			name = "📦 Embed Pods Frameworks";
			outputPaths = (
			);
			runOnlyForDeploymentPostprocessing = 0;
			shellPath = /bin/sh;
			shellScript = "\"${SRCROOT}/Pods/Target Support Files/Pods-SposureTests/Pods-SposureTests-frameworks.sh\"\n";
			showEnvVarsInLog = 0;
		};
		421AEDDD0EA90FF9284EC5FA /* 📦 Embed Pods Frameworks */ = {
			isa = PBXShellScriptBuildPhase;
			buildActionMask = 2147483647;
			files = (
			);
			inputPaths = (
			);
			name = "📦 Embed Pods Frameworks";
			outputPaths = (
			);
			runOnlyForDeploymentPostprocessing = 0;
			shellPath = /bin/sh;
			shellScript = "\"${SRCROOT}/Pods/Target Support Files/Pods-Sposure/Pods-Sposure-frameworks.sh\"\n";
			showEnvVarsInLog = 0;
		};
		4EEBB755139C677D77B8CA99 /* 📦 Copy Pods Resources */ = {
			isa = PBXShellScriptBuildPhase;
			buildActionMask = 2147483647;
			files = (
			);
			inputPaths = (
			);
			name = "📦 Copy Pods Resources";
			outputPaths = (
			);
			runOnlyForDeploymentPostprocessing = 0;
			shellPath = /bin/sh;
			shellScript = "\"${SRCROOT}/Pods/Target Support Files/Pods-SposureUITests/Pods-SposureUITests-resources.sh\"\n";
			showEnvVarsInLog = 0;
		};
		66F718A7121FEFE848E54278 /* 📦 Check Pods Manifest.lock */ = {
			isa = PBXShellScriptBuildPhase;
			buildActionMask = 2147483647;
			files = (
			);
			inputPaths = (
			);
			name = "📦 Check Pods Manifest.lock";
			outputPaths = (
			);
			runOnlyForDeploymentPostprocessing = 0;
			shellPath = /bin/sh;
			shellScript = "diff \"${PODS_ROOT}/../Podfile.lock\" \"${PODS_ROOT}/Manifest.lock\" > /dev/null\nif [[ $? != 0 ]] ; then\n    cat << EOM\nerror: The sandbox is not in sync with the Podfile.lock. Run 'pod install' or update your CocoaPods installation.\nEOM\n    exit 1\nfi\n";
			showEnvVarsInLog = 0;
		};
		6B9BC29BD0F2B132F636C862 /* 📦 Check Pods Manifest.lock */ = {
			isa = PBXShellScriptBuildPhase;
			buildActionMask = 2147483647;
			files = (
			);
			inputPaths = (
			);
			name = "📦 Check Pods Manifest.lock";
			outputPaths = (
			);
			runOnlyForDeploymentPostprocessing = 0;
			shellPath = /bin/sh;
			shellScript = "diff \"${PODS_ROOT}/../Podfile.lock\" \"${PODS_ROOT}/Manifest.lock\" > /dev/null\nif [[ $? != 0 ]] ; then\n    cat << EOM\nerror: The sandbox is not in sync with the Podfile.lock. Run 'pod install' or update your CocoaPods installation.\nEOM\n    exit 1\nfi\n";
			showEnvVarsInLog = 0;
		};
		B450B2582350B81ABA3749E5 /* 📦 Check Pods Manifest.lock */ = {
			isa = PBXShellScriptBuildPhase;
			buildActionMask = 2147483647;
			files = (
			);
			inputPaths = (
			);
			name = "📦 Check Pods Manifest.lock";
			outputPaths = (
			);
			runOnlyForDeploymentPostprocessing = 0;
			shellPath = /bin/sh;
			shellScript = "diff \"${PODS_ROOT}/../Podfile.lock\" \"${PODS_ROOT}/Manifest.lock\" > /dev/null\nif [[ $? != 0 ]] ; then\n    cat << EOM\nerror: The sandbox is not in sync with the Podfile.lock. Run 'pod install' or update your CocoaPods installation.\nEOM\n    exit 1\nfi\n";
			showEnvVarsInLog = 0;
		};
		EC7B754AA5801A1146064A3C /* 📦 Copy Pods Resources */ = {
			isa = PBXShellScriptBuildPhase;
			buildActionMask = 2147483647;
			files = (
			);
			inputPaths = (
			);
			name = "📦 Copy Pods Resources";
			outputPaths = (
			);
			runOnlyForDeploymentPostprocessing = 0;
			shellPath = /bin/sh;
			shellScript = "\"${SRCROOT}/Pods/Target Support Files/Pods-SposureTests/Pods-SposureTests-resources.sh\"\n";
			showEnvVarsInLog = 0;
		};
/* End PBXShellScriptBuildPhase section */

/* Begin PBXSourcesBuildPhase section */
		2519EED71CF0132500C8F5AA /* Sources */ = {
			isa = PBXSourcesBuildPhase;
			buildActionMask = 2147483647;
			files = (
				25F4EFDC1CF2195C004637A2 /* SwiftyGifManager.swift in Sources */,
				2519EEE11CF0132500C8F5AA /* ViewController.swift in Sources */,
				25F4EFE71CF24193004637A2 /* Searcher.swift in Sources */,
				25F4EFD21CF0F12D004637A2 /* Image.swift in Sources */,
				2519EF201CF0C5A700C8F5AA /* SearchResponse.swift in Sources */,
				25F4EFDD1CF2195C004637A2 /* UIImage+SwiftyGif.swift in Sources */,
				2519EEE71CF0132500C8F5AA /* Sposure.xcdatamodeld in Sources */,
				25E4066C1CFB6B1200FB4CF1 /* GiphyRequest.swift in Sources */,
				25E4066A1CFB5F8B00FB4CF1 /* NetworkUtility.swift in Sources */,
				25E406741CFD012200FB4CF1 /* ImageManager.swift in Sources */,
				2519EEDF1CF0132500C8F5AA /* AppDelegate.swift in Sources */,
				25F4EFE21CF239EB004637A2 /* GifBuffer.swift in Sources */,
				25F4EFE91CF24417004637A2 /* Imager.swift in Sources */,
				2519EF241CF0C67500C8F5AA /* Pagination.swift in Sources */,
				25F4EFD41CF0F23B004637A2 /* Images.swift in Sources */,
				25F4EFE51CF23C17004637A2 /* Queue.swift in Sources */,
				2519EF221CF0C5FF00C8F5AA /* Meta.swift in Sources */,
				25F4EFD61CF0F55D004637A2 /* GifImage.swift in Sources */,
				25E406721CFB807B00FB4CF1 /* GiphyManager.swift in Sources */,
				2519EF1E1CF0C22D00C8F5AA /* Gif.swift in Sources */,
				25F4EFDE1CF2195C004637A2 /* UIImageView+SwiftyGif.swift in Sources */,
			);
			runOnlyForDeploymentPostprocessing = 0;
		};
		2519EEEE1CF0132500C8F5AA /* Sources */ = {
			isa = PBXSourcesBuildPhase;
			buildActionMask = 2147483647;
			files = (
				25F4EFEF1CF27FB4004637A2 /* GifImageCreatorTest.swift in Sources */,
				2519EEF71CF0132500C8F5AA /* SposureTests.swift in Sources */,
				25E406661CFB4CAC00FB4CF1 /* ObjectTests.swift in Sources */,
				25E406641CFAA00300FB4CF1 /* GifBufferTest.swift in Sources */,
				25F4EFED1CF27698004637A2 /* GiphyManagerTest.swift in Sources */,
				25B3B9631CF66AFE00012C67 /* QueueTest.swift in Sources */,
			);
			runOnlyForDeploymentPostprocessing = 0;
		};
		2519EEF91CF0132500C8F5AA /* Sources */ = {
			isa = PBXSourcesBuildPhase;
			buildActionMask = 2147483647;
			files = (
				2519EF021CF0132500C8F5AA /* SposureUITests.swift in Sources */,
			);
			runOnlyForDeploymentPostprocessing = 0;
		};
/* End PBXSourcesBuildPhase section */

/* Begin PBXTargetDependency section */
		2519EEF41CF0132500C8F5AA /* PBXTargetDependency */ = {
			isa = PBXTargetDependency;
			target = 2519EEDA1CF0132500C8F5AA /* Sposure */;
			targetProxy = 2519EEF31CF0132500C8F5AA /* PBXContainerItemProxy */;
		};
		2519EEFF1CF0132500C8F5AA /* PBXTargetDependency */ = {
			isa = PBXTargetDependency;
			target = 2519EEDA1CF0132500C8F5AA /* Sposure */;
			targetProxy = 2519EEFE1CF0132500C8F5AA /* PBXContainerItemProxy */;
		};
/* End PBXTargetDependency section */

/* Begin PBXVariantGroup section */
		2519EEE21CF0132500C8F5AA /* Main.storyboard */ = {
			isa = PBXVariantGroup;
			children = (
				2519EEE31CF0132500C8F5AA /* Base */,
			);
			name = Main.storyboard;
			sourceTree = "<group>";
		};
		2519EEEA1CF0132500C8F5AA /* LaunchScreen.storyboard */ = {
			isa = PBXVariantGroup;
			children = (
				2519EEEB1CF0132500C8F5AA /* Base */,
			);
			name = LaunchScreen.storyboard;
			sourceTree = "<group>";
		};
/* End PBXVariantGroup section */

/* Begin XCBuildConfiguration section */
		2519EF041CF0132500C8F5AA /* Debug */ = {
			isa = XCBuildConfiguration;
			buildSettings = {
				ALWAYS_SEARCH_USER_PATHS = NO;
				CLANG_ANALYZER_NONNULL = YES;
				CLANG_CXX_LANGUAGE_STANDARD = "gnu++0x";
				CLANG_CXX_LIBRARY = "libc++";
				CLANG_ENABLE_MODULES = YES;
				CLANG_ENABLE_OBJC_ARC = YES;
				CLANG_WARN_BOOL_CONVERSION = YES;
				CLANG_WARN_CONSTANT_CONVERSION = YES;
				CLANG_WARN_DIRECT_OBJC_ISA_USAGE = YES_ERROR;
				CLANG_WARN_EMPTY_BODY = YES;
				CLANG_WARN_ENUM_CONVERSION = YES;
				CLANG_WARN_INT_CONVERSION = YES;
				CLANG_WARN_OBJC_ROOT_CLASS = YES_ERROR;
				CLANG_WARN_UNREACHABLE_CODE = YES;
				CLANG_WARN__DUPLICATE_METHOD_MATCH = YES;
				"CODE_SIGN_IDENTITY[sdk=iphoneos*]" = "iPhone Developer";
				COPY_PHASE_STRIP = NO;
				DEBUG_INFORMATION_FORMAT = dwarf;
				ENABLE_STRICT_OBJC_MSGSEND = YES;
				ENABLE_TESTABILITY = YES;
				GCC_C_LANGUAGE_STANDARD = gnu99;
				GCC_DYNAMIC_NO_PIC = NO;
				GCC_NO_COMMON_BLOCKS = YES;
				GCC_OPTIMIZATION_LEVEL = 0;
				GCC_PREPROCESSOR_DEFINITIONS = (
					"DEBUG=1",
					"$(inherited)",
				);
				GCC_WARN_64_TO_32_BIT_CONVERSION = YES;
				GCC_WARN_ABOUT_RETURN_TYPE = YES_ERROR;
				GCC_WARN_UNDECLARED_SELECTOR = YES;
				GCC_WARN_UNINITIALIZED_AUTOS = YES_AGGRESSIVE;
				GCC_WARN_UNUSED_FUNCTION = YES;
				GCC_WARN_UNUSED_VARIABLE = YES;
				IPHONEOS_DEPLOYMENT_TARGET = 9.3;
				MTL_ENABLE_DEBUG_INFO = YES;
				ONLY_ACTIVE_ARCH = YES;
				SDKROOT = iphoneos;
				SWIFT_OPTIMIZATION_LEVEL = "-Onone";
			};
			name = Debug;
		};
		2519EF051CF0132500C8F5AA /* Release */ = {
			isa = XCBuildConfiguration;
			buildSettings = {
				ALWAYS_SEARCH_USER_PATHS = NO;
				CLANG_ANALYZER_NONNULL = YES;
				CLANG_CXX_LANGUAGE_STANDARD = "gnu++0x";
				CLANG_CXX_LIBRARY = "libc++";
				CLANG_ENABLE_MODULES = YES;
				CLANG_ENABLE_OBJC_ARC = YES;
				CLANG_WARN_BOOL_CONVERSION = YES;
				CLANG_WARN_CONSTANT_CONVERSION = YES;
				CLANG_WARN_DIRECT_OBJC_ISA_USAGE = YES_ERROR;
				CLANG_WARN_EMPTY_BODY = YES;
				CLANG_WARN_ENUM_CONVERSION = YES;
				CLANG_WARN_INT_CONVERSION = YES;
				CLANG_WARN_OBJC_ROOT_CLASS = YES_ERROR;
				CLANG_WARN_UNREACHABLE_CODE = YES;
				CLANG_WARN__DUPLICATE_METHOD_MATCH = YES;
				"CODE_SIGN_IDENTITY[sdk=iphoneos*]" = "iPhone Developer";
				COPY_PHASE_STRIP = NO;
				DEBUG_INFORMATION_FORMAT = "dwarf-with-dsym";
				ENABLE_NS_ASSERTIONS = NO;
				ENABLE_STRICT_OBJC_MSGSEND = YES;
				GCC_C_LANGUAGE_STANDARD = gnu99;
				GCC_NO_COMMON_BLOCKS = YES;
				GCC_WARN_64_TO_32_BIT_CONVERSION = YES;
				GCC_WARN_ABOUT_RETURN_TYPE = YES_ERROR;
				GCC_WARN_UNDECLARED_SELECTOR = YES;
				GCC_WARN_UNINITIALIZED_AUTOS = YES_AGGRESSIVE;
				GCC_WARN_UNUSED_FUNCTION = YES;
				GCC_WARN_UNUSED_VARIABLE = YES;
				IPHONEOS_DEPLOYMENT_TARGET = 9.3;
				MTL_ENABLE_DEBUG_INFO = NO;
				SDKROOT = iphoneos;
				VALIDATE_PRODUCT = YES;
			};
			name = Release;
		};
		2519EF071CF0132500C8F5AA /* Debug */ = {
			isa = XCBuildConfiguration;
			baseConfigurationReference = 314E32499DE8D6B3E45D74C3 /* Pods-Sposure.debug.xcconfig */;
			buildSettings = {
				ASSETCATALOG_COMPILER_APPICON_NAME = AppIcon;
				DEFINES_MODULE = YES;
				INFOPLIST_FILE = Sposure/Info.plist;
				LD_RUNPATH_SEARCH_PATHS = "$(inherited) @executable_path/Frameworks";
				PRODUCT_BUNDLE_IDENTIFIER = Conrad.Sposure;
				PRODUCT_NAME = "$(TARGET_NAME)";
			};
			name = Debug;
		};
		2519EF081CF0132500C8F5AA /* Release */ = {
			isa = XCBuildConfiguration;
			baseConfigurationReference = 01E73A22587D71B1DFF8F0EA /* Pods-Sposure.release.xcconfig */;
			buildSettings = {
				ASSETCATALOG_COMPILER_APPICON_NAME = AppIcon;
				DEFINES_MODULE = YES;
				INFOPLIST_FILE = Sposure/Info.plist;
				LD_RUNPATH_SEARCH_PATHS = "$(inherited) @executable_path/Frameworks";
				PRODUCT_BUNDLE_IDENTIFIER = Conrad.Sposure;
				PRODUCT_NAME = "$(TARGET_NAME)";
			};
			name = Release;
		};
		2519EF0A1CF0132500C8F5AA /* Debug */ = {
			isa = XCBuildConfiguration;
			baseConfigurationReference = 2FFE2CD044F7C4BFED9FB5A5 /* Pods-SposureTests.debug.xcconfig */;
			buildSettings = {
				BUNDLE_LOADER = "$(TEST_HOST)";
				INFOPLIST_FILE = SposureTests/Info.plist;
				LD_RUNPATH_SEARCH_PATHS = "$(inherited) @executable_path/Frameworks @loader_path/Frameworks";
				PRODUCT_BUNDLE_IDENTIFIER = Conrad.SposureTests;
				PRODUCT_NAME = "$(TARGET_NAME)";
				TEST_HOST = "$(BUILT_PRODUCTS_DIR)/Sposure.app/Sposure";
			};
			name = Debug;
		};
		2519EF0B1CF0132500C8F5AA /* Release */ = {
			isa = XCBuildConfiguration;
			baseConfigurationReference = 521C7FF1DF4E82DE9F1E409F /* Pods-SposureTests.release.xcconfig */;
			buildSettings = {
				BUNDLE_LOADER = "$(TEST_HOST)";
				INFOPLIST_FILE = SposureTests/Info.plist;
				LD_RUNPATH_SEARCH_PATHS = "$(inherited) @executable_path/Frameworks @loader_path/Frameworks";
				PRODUCT_BUNDLE_IDENTIFIER = Conrad.SposureTests;
				PRODUCT_NAME = "$(TARGET_NAME)";
				TEST_HOST = "$(BUILT_PRODUCTS_DIR)/Sposure.app/Sposure";
			};
			name = Release;
		};
		2519EF0D1CF0132500C8F5AA /* Debug */ = {
			isa = XCBuildConfiguration;
			baseConfigurationReference = 7B56497372B73F4839780E5D /* Pods-SposureUITests.debug.xcconfig */;
			buildSettings = {
				INFOPLIST_FILE = SposureUITests/Info.plist;
				LD_RUNPATH_SEARCH_PATHS = "$(inherited) @executable_path/Frameworks @loader_path/Frameworks";
				PRODUCT_BUNDLE_IDENTIFIER = Conrad.SposureUITests;
				PRODUCT_NAME = "$(TARGET_NAME)";
				TEST_TARGET_NAME = Sposure;
			};
			name = Debug;
		};
		2519EF0E1CF0132500C8F5AA /* Release */ = {
			isa = XCBuildConfiguration;
			baseConfigurationReference = 85088F518804011ECB75409F /* Pods-SposureUITests.release.xcconfig */;
			buildSettings = {
				INFOPLIST_FILE = SposureUITests/Info.plist;
				LD_RUNPATH_SEARCH_PATHS = "$(inherited) @executable_path/Frameworks @loader_path/Frameworks";
				PRODUCT_BUNDLE_IDENTIFIER = Conrad.SposureUITests;
				PRODUCT_NAME = "$(TARGET_NAME)";
				TEST_TARGET_NAME = Sposure;
			};
			name = Release;
		};
/* End XCBuildConfiguration section */

/* Begin XCConfigurationList section */
		2519EED61CF0132500C8F5AA /* Build configuration list for PBXProject "Sposure" */ = {
			isa = XCConfigurationList;
			buildConfigurations = (
				2519EF041CF0132500C8F5AA /* Debug */,
				2519EF051CF0132500C8F5AA /* Release */,
			);
			defaultConfigurationIsVisible = 0;
			defaultConfigurationName = Release;
		};
		2519EF061CF0132500C8F5AA /* Build configuration list for PBXNativeTarget "Sposure" */ = {
			isa = XCConfigurationList;
			buildConfigurations = (
				2519EF071CF0132500C8F5AA /* Debug */,
				2519EF081CF0132500C8F5AA /* Release */,
			);
			defaultConfigurationIsVisible = 0;
			defaultConfigurationName = Release;
		};
		2519EF091CF0132500C8F5AA /* Build configuration list for PBXNativeTarget "SposureTests" */ = {
			isa = XCConfigurationList;
			buildConfigurations = (
				2519EF0A1CF0132500C8F5AA /* Debug */,
				2519EF0B1CF0132500C8F5AA /* Release */,
			);
			defaultConfigurationIsVisible = 0;
			defaultConfigurationName = Release;
		};
		2519EF0C1CF0132500C8F5AA /* Build configuration list for PBXNativeTarget "SposureUITests" */ = {
			isa = XCConfigurationList;
			buildConfigurations = (
				2519EF0D1CF0132500C8F5AA /* Debug */,
				2519EF0E1CF0132500C8F5AA /* Release */,
			);
			defaultConfigurationIsVisible = 0;
			defaultConfigurationName = Release;
		};
/* End XCConfigurationList section */

/* Begin XCVersionGroup section */
		2519EEE51CF0132500C8F5AA /* Sposure.xcdatamodeld */ = {
			isa = XCVersionGroup;
			children = (
				2519EEE61CF0132500C8F5AA /* Sposure.xcdatamodel */,
			);
			currentVersion = 2519EEE61CF0132500C8F5AA /* Sposure.xcdatamodel */;
			path = Sposure.xcdatamodeld;
			sourceTree = "<group>";
			versionGroupType = wrapper.xcdatamodel;
		};
/* End XCVersionGroup section */
	};
	rootObject = 2519EED31CF0132500C8F5AA /* Project object */;
}
